{
  "name": "ants-chat-gpt",
  "version": "1.0.0",
  "lockfileVersion": 1,
  "requires": true,
  "dependencies": {
    "wx-canvas-2d": {
      "version": "2.5.0",
      "resolved": "https://registry.npmmirror.com/wx-canvas-2d/-/wx-canvas-2d-2.5.0.tgz",
      "integrity": "sha512-P52ummKpu/q77C9eLE7ESvBJLqkjTGBX7+0Ny79PLN0Npsqb2tikIv1dzZS4V9VYvrI8mvdJhKtezwtxFP/nbQ=="
    }
  }
}
